{
  "name": "conversational-commerce",
  "version": "1.0.0",
  "lockfileVersion": 2,
  "requires": true,
  "packages": {
    "": {
      "name": "conversational-commerce",
      "version": "1.0.0",
      "license": "ISC",
      "dependencies": {
        "dotenv": "^16.6.0",
        "openai": "^5.8.0"
      }
    },
    "node_modules/dotenv": {
      "version": "16.6.0",
      "resolved": "https://registry.npmjs.org/dotenv/-/dotenv-16.6.0.tgz",
      "integrity": "sha512-Omf1L8paOy2VJhILjyhrhqwLIdstqm1BvcDPKg4NGAlkwEu9ODyrFbvk8UymUOMCT+HXo31jg1lArIrVAAhuGA==",
      "license": "BSD-2-Clause",
      "engines": {
        "node": ">=12"
      },
      "funding": {
        "url": "https://dotenvx.com"
      }
    },
    "node_modules/openai": {
      "version": "5.8.0",
      "resolved": "https://registry.npmjs.org/openai/-/openai-5.8.0.tgz",
      "integrity": "sha512-0RPRt5XQe9b5XEGRFlNkzbBtvLx/jqKAbNX3Iu93AADClPz4CpJlrM61mbmiTGiFWtSR4EryX8ALdDK3zi5BTw==",
      "license": "Apache-2.0",
      "bin": {
        "openai": "bin/cli"
      },
      "peerDependencies": {
        "ws": "^8.18.0",
        "zod": "^3.23.8"
      },
      "peerDependenciesMeta": {
        "ws": {
          "optional": true
        },
        "zod": {
          "optional": true
        }
      }
    }
  },
  "dependencies": {
    "dotenv": {
      "version": "16.6.0",
      "resolved": "https://registry.npmjs.org/dotenv/-/dotenv-16.6.0.tgz",
      "integrity": "sha512-Omf1L8paOy2VJhILjyhrhqwLIdstqm1BvcDPKg4NGAlkwEu9ODyrFbvk8UymUOMCT+HXo31jg1lArIrVAAhuGA=="
    },
    "openai": {
      "version": "5.8.0",
      "resolved": "https://registry.npmjs.org/openai/-/openai-5.8.0.tgz",
      "integrity": "sha512-0RPRt5XQe9b5XEGRFlNkzbBtvLx/jqKAbNX3Iu93AADClPz4CpJlrM61mbmiTGiFWtSR4EryX8ALdDK3zi5BTw==",
      "requires": {}
    }
  }
}
